
Microsoft Visual Studio Solution File, Format Version 12.00
# Visual Studio Version 17
VisualStudioVersion = 17.12.35506.116 d17.12
MinimumVisualStudioVersion = 10.0.40219.1
Project("{FAE04EC0-301F-11D3-BF4B-00C04F79EFBC}") = "ImplementingPrototypePattern", "ImplementingPrototypePattern\ImplementingPrototypePattern.csproj", "{A2008D6E-06AC-4923-AFC9-EE293818B7C5}"
EndProject
Project("{FAE04EC0-301F-11D3-BF4B-00C04F79EFBC}") = "PrototypePatternTests", "..\PrototypePatternTests\PrototypePatternTests\PrototypePatternTests.csproj", "{C7AA4107-9F30-4125-86C4-6ADAEEA13D91}"
EndProject
Global
	GlobalSection(SolutionConfigurationPlatforms) = preSolution
		Debug|Any CPU = Debug|Any CPU
		Release|Any CPU = Release|Any CPU
	EndGlobalSection
	GlobalSection(ProjectConfigurationPlatforms) = postSolution
		{A2008D6E-06AC-4923-AFC9-EE293818B7C5}.Debug|Any CPU.ActiveCfg = Debug|Any CPU
		{A2008D6E-06AC-4923-AFC9-EE293818B7C5}.Debug|Any CPU.Build.0 = Debug|Any CPU
		{A2008D6E-06AC-4923-AFC9-EE293818B7C5}.Release|Any CPU.ActiveCfg = Release|Any CPU
		{A2008D6E-06AC-4923-AFC9-EE293818B7C5}.Release|Any CPU.Build.0 = Release|Any CPU
		{C7AA4107-9F30-4125-86C4-6ADAEEA13D91}.Debug|Any CPU.ActiveCfg = Debug|Any CPU
		{C7AA4107-9F30-4125-86C4-6ADAEEA13D91}.Debug|Any CPU.Build.0 = Debug|Any CPU
		{C7AA4107-9F30-4125-86C4-6ADAEEA13D91}.Release|Any CPU.ActiveCfg = Release|Any CPU
		{C7AA4107-9F30-4125-86C4-6ADAEEA13D91}.Release|Any CPU.Build.0 = Release|Any CPU
	EndGlobalSection
	GlobalSection(SolutionProperties) = preSolution
		HideSolutionNode = FALSE
	EndGlobalSection
EndGlobal
